
Microsoft Visual Studio Solution File, Format Version 12.00
# Visual Studio Version 17
VisualStudioVersion = 17.14.36518.9
MinimumVisualStudioVersion = 10.0.40219.1
Project("{FAE04EC0-301F-11D3-BF4B-00C04F79EFBC}") = "CoreBackend", "CoreBackend.csproj", "{7E05E2D0-C74A-4B2E-AFCB-C5B573781D71}"
EndProject
Project("{FAE04EC0-301F-11D3-BF4B-00C04F79EFBC}") = "MongoConnection", "..\..\libaries\MongoConnection\MongoConnection.csproj", "{1FD7F5DF-94DA-D486-7520-CD89B137AD2C}"
EndProject
Global
	GlobalSection(SolutionConfigurationPlatforms) = preSolution
		Debug|Any CPU = Debug|Any CPU
		Release|Any CPU = Release|Any CPU
	EndGlobalSection
	GlobalSection(ProjectConfigurationPlatforms) = postSolution
		{7E05E2D0-C74A-4B2E-AFCB-C5B573781D71}.Debug|Any CPU.ActiveCfg = Debug|Any CPU
		{7E05E2D0-C74A-4B2E-AFCB-C5B573781D71}.Debug|Any CPU.Build.0 = Debug|Any CPU
		{7E05E2D0-C74A-4B2E-AFCB-C5B573781D71}.Release|Any CPU.ActiveCfg = Release|Any CPU
		{7E05E2D0-C74A-4B2E-AFCB-C5B573781D71}.Release|Any CPU.Build.0 = Release|Any CPU
		{1FD7F5DF-94DA-D486-7520-CD89B137AD2C}.Debug|Any CPU.ActiveCfg = Debug|Any CPU
		{1FD7F5DF-94DA-D486-7520-CD89B137AD2C}.Debug|Any CPU.Build.0 = Debug|Any CPU
		{1FD7F5DF-94DA-D486-7520-CD89B137AD2C}.Release|Any CPU.ActiveCfg = Release|Any CPU
		{1FD7F5DF-94DA-D486-7520-CD89B137AD2C}.Release|Any CPU.Build.0 = Release|Any CPU
	EndGlobalSection
	GlobalSection(SolutionProperties) = preSolution
		HideSolutionNode = FALSE
	EndGlobalSection
	GlobalSection(ExtensibilityGlobals) = postSolution
		SolutionGuid = {E5BC94A7-8103-4A99-9027-E990FDB753D8}
	EndGlobalSection
EndGlobal
